
Microsoft Visual Studio Solution File, Format Version 12.00
# Visual Studio Version 17
VisualStudioVersion = 17.5.002.0
MinimumVisualStudioVersion = 10.0.40219.1
Project("{9A19103F-16F7-4668-BE54-9A1E7A4F7556}") = "Exo.WebApi", "Exo.WebApi.csproj", "{96A1D2EF-8E85-48A1-8E56-FC270585F88B}"
EndProject
Global
	GlobalSection(SolutionConfigurationPlatforms) = preSolution
		Debug|Any CPU = Debug|Any CPU
		Release|Any CPU = Release|Any CPU
	EndGlobalSection
	GlobalSection(ProjectConfigurationPlatforms) = postSolution
		{96A1D2EF-8E85-48A1-8E56-FC270585F88B}.Debug|Any CPU.ActiveCfg = Debug|Any CPU
		{96A1D2EF-8E85-48A1-8E56-FC270585F88B}.Debug|Any CPU.Build.0 = Debug|Any CPU
		{96A1D2EF-8E85-48A1-8E56-FC270585F88B}.Release|Any CPU.ActiveCfg = Release|Any CPU
		{96A1D2EF-8E85-48A1-8E56-FC270585F88B}.Release|Any CPU.Build.0 = Release|Any CPU
	EndGlobalSection
	GlobalSection(SolutionProperties) = preSolution
		HideSolutionNode = FALSE
	EndGlobalSection
	GlobalSection(ExtensibilityGlobals) = postSolution
		SolutionGuid = {84E7A725-D226-4202-A9E4-1016D69B9373}
	EndGlobalSection
EndGlobal
